
Microsoft Visual Studio Solution File, Format Version 12.00
# Visual Studio Version 16
VisualStudioVersion = 16.0.32602.291
MinimumVisualStudioVersion = 10.0.40219.1
Project("{FAE04EC0-301F-11D3-BF4B-00C04F79EFBC}") = "Task2-SHA3-256", "Task2-SHA3-256.csproj", "{069C8F23-C376-45BD-BEAF-E3CBB317D671}"
EndProject
Global
	GlobalSection(SolutionConfigurationPlatforms) = preSolution
		Debug|Any CPU = Debug|Any CPU
		Release|Any CPU = Release|Any CPU
	EndGlobalSection
	GlobalSection(ProjectConfigurationPlatforms) = postSolution
		{069C8F23-C376-45BD-BEAF-E3CBB317D671}.Debug|Any CPU.ActiveCfg = Debug|Any CPU
		{069C8F23-C376-45BD-BEAF-E3CBB317D671}.Debug|Any CPU.Build.0 = Debug|Any CPU
		{069C8F23-C376-45BD-BEAF-E3CBB317D671}.Release|Any CPU.ActiveCfg = Release|Any CPU
		{069C8F23-C376-45BD-BEAF-E3CBB317D671}.Release|Any CPU.Build.0 = Release|Any CPU
	EndGlobalSection
	GlobalSection(SolutionProperties) = preSolution
		HideSolutionNode = FALSE
	EndGlobalSection
	GlobalSection(ExtensibilityGlobals) = postSolution
		SolutionGuid = {823AEE88-23E5-4325-AB91-28D89D071FEE}
	EndGlobalSection
EndGlobal
